
Microsoft Visual Studio Solution File, Format Version 12.00
# Visual Studio Version 17
VisualStudioVersion = 17.0.31903.59
MinimumVisualStudioVersion = 10.0.40219.1
Project("{FAE04EC0-301F-11D3-BF4B-00C04F79EFBC}") = "DiamondPatternWithAlphabets", "DiamondPatternWithAlphabets\DiamondPatternWithAlphabets.csproj", "{E36F7A62-7A61-4CC8-8916-00076DDA987B}"
EndProject
Project("{FAE04EC0-301F-11D3-BF4B-00C04F79EFBC}") = "DiamondPatternWithAlphabets.UnitTests", "DiamondPatternWithAlphabets.UnitTests\DiamondPatternWithAlphabets.UnitTests.csproj", "{959A3783-C74C-4F73-A8E0-2F30B01BD8D3}"
EndProject
Global
	GlobalSection(SolutionConfigurationPlatforms) = preSolution
		Debug|Any CPU = Debug|Any CPU
		Release|Any CPU = Release|Any CPU
	EndGlobalSection
	GlobalSection(ProjectConfigurationPlatforms) = postSolution
		{E36F7A62-7A61-4CC8-8916-00076DDA987B}.Debug|Any CPU.ActiveCfg = Debug|Any CPU
		{E36F7A62-7A61-4CC8-8916-00076DDA987B}.Debug|Any CPU.Build.0 = Debug|Any CPU
		{E36F7A62-7A61-4CC8-8916-00076DDA987B}.Release|Any CPU.ActiveCfg = Release|Any CPU
		{E36F7A62-7A61-4CC8-8916-00076DDA987B}.Release|Any CPU.Build.0 = Release|Any CPU
		{959A3783-C74C-4F73-A8E0-2F30B01BD8D3}.Debug|Any CPU.ActiveCfg = Debug|Any CPU
		{959A3783-C74C-4F73-A8E0-2F30B01BD8D3}.Debug|Any CPU.Build.0 = Debug|Any CPU
		{959A3783-C74C-4F73-A8E0-2F30B01BD8D3}.Release|Any CPU.ActiveCfg = Release|Any CPU
		{959A3783-C74C-4F73-A8E0-2F30B01BD8D3}.Release|Any CPU.Build.0 = Release|Any CPU
	EndGlobalSection
	GlobalSection(SolutionProperties) = preSolution
		HideSolutionNode = FALSE
	EndGlobalSection
	GlobalSection(ExtensibilityGlobals) = postSolution
		SolutionGuid = {427F0FEA-2829-45D7-A4C5-654AA6FCAE02}
	EndGlobalSection
EndGlobal
